
Microsoft Visual Studio Solution File, Format Version 12.00
# Visual Studio Version 17
VisualStudioVersion = 17.4.33213.308
MinimumVisualStudioVersion = 10.0.40219.1
Project("{FAE04EC0-301F-11D3-BF4B-00C04F79EFBC}") = "CursovaBackend", "CursovaBackend\CursovaBackend.csproj", "{987403CC-BD77-4511-A4AA-EF3C18846D3D}"
EndProject
Global
	GlobalSection(SolutionConfigurationPlatforms) = preSolution
		Debug|Any CPU = Debug|Any CPU
		Release|Any CPU = Release|Any CPU
	EndGlobalSection
	GlobalSection(ProjectConfigurationPlatforms) = postSolution
		{987403CC-BD77-4511-A4AA-EF3C18846D3D}.Debug|Any CPU.ActiveCfg = Debug|Any CPU
		{987403CC-BD77-4511-A4AA-EF3C18846D3D}.Debug|Any CPU.Build.0 = Debug|Any CPU
		{987403CC-BD77-4511-A4AA-EF3C18846D3D}.Release|Any CPU.ActiveCfg = Release|Any CPU
		{987403CC-BD77-4511-A4AA-EF3C18846D3D}.Release|Any CPU.Build.0 = Release|Any CPU
	EndGlobalSection
	GlobalSection(SolutionProperties) = preSolution
		HideSolutionNode = FALSE
	EndGlobalSection
	GlobalSection(ExtensibilityGlobals) = postSolution
		SolutionGuid = {2AEA4DB1-6F49-4539-8309-14D751F43B8D}
	EndGlobalSection
EndGlobal
